
Microsoft Visual Studio Solution File, Format Version 12.00
Project("{FAE04EC0-301F-11D3-BF4B-00C04F79EFBC}") = "WebTranslator", "WebTranslator\WebTranslator.csproj", "{2E9934F8-4800-4793-8348-19E791901F45}"
EndProject
Project("{FAE04EC0-301F-11D3-BF4B-00C04F79EFBC}") = "WebTranslator.DAL", "WebTranslator.DAL\WebTranslator.DAL.csproj", "{3F0696D5-EF51-4D43-AF62-9D30CBA551E0}"
EndProject
Project("{FAE04EC0-301F-11D3-BF4B-00C04F79EFBC}") = "WebTranslator.BLL", "WebTranslator.BLL\WebTranslator.BLL.csproj", "{AA7F4291-664F-4161-9F07-9A01C355820A}"
EndProject
Global
	GlobalSection(SolutionConfigurationPlatforms) = preSolution
		Debug|Any CPU = Debug|Any CPU
		Release|Any CPU = Release|Any CPU
	EndGlobalSection
	GlobalSection(ProjectConfigurationPlatforms) = postSolution
		{2E9934F8-4800-4793-8348-19E791901F45}.Debug|Any CPU.ActiveCfg = Debug|Any CPU
		{2E9934F8-4800-4793-8348-19E791901F45}.Debug|Any CPU.Build.0 = Debug|Any CPU
		{2E9934F8-4800-4793-8348-19E791901F45}.Release|Any CPU.ActiveCfg = Release|Any CPU
		{2E9934F8-4800-4793-8348-19E791901F45}.Release|Any CPU.Build.0 = Release|Any CPU
		{3F0696D5-EF51-4D43-AF62-9D30CBA551E0}.Debug|Any CPU.ActiveCfg = Debug|Any CPU
		{3F0696D5-EF51-4D43-AF62-9D30CBA551E0}.Debug|Any CPU.Build.0 = Debug|Any CPU
		{3F0696D5-EF51-4D43-AF62-9D30CBA551E0}.Release|Any CPU.ActiveCfg = Release|Any CPU
		{3F0696D5-EF51-4D43-AF62-9D30CBA551E0}.Release|Any CPU.Build.0 = Release|Any CPU
		{AA7F4291-664F-4161-9F07-9A01C355820A}.Debug|Any CPU.ActiveCfg = Debug|Any CPU
		{AA7F4291-664F-4161-9F07-9A01C355820A}.Debug|Any CPU.Build.0 = Debug|Any CPU
		{AA7F4291-664F-4161-9F07-9A01C355820A}.Release|Any CPU.ActiveCfg = Release|Any CPU
		{AA7F4291-664F-4161-9F07-9A01C355820A}.Release|Any CPU.Build.0 = Release|Any CPU
	EndGlobalSection
EndGlobal
